packages:
  - package: dbt-labs/dbt_utils
    version: 1.1.1
  - package: calogica/dbt_date
    version: 0.7.2
  - package: dbt-labs/dbt_external_tables
    version: 0.9.0
  - package: dbt-labs/audit_helper
    version: 0.11.0
  - package: dbt-labs/dbt_project_evaluator
    version: 0.12.0
sha1_hash: 58c7ba8abab015994a890079ce2ce97f3f2b375b
